
Microsoft Visual Studio Solution File, Format Version 12.00
# Visual Studio Version 16
VisualStudioVersion = 16.0.29519.87
MinimumVisualStudioVersion = 10.0.40219.1
Project("{FAE04EC0-301F-11D3-BF4B-00C04F79EFBC}") = "MM1 map editor", "MM1 map editor.csproj", "{8AA877AA-C1E9-4411-93FC-61A8B51F9944}"
EndProject
Global
	GlobalSection(SolutionConfigurationPlatforms) = preSolution
		Debug|Any CPU = Debug|Any CPU
		Debug|x64 = Debug|x64
		Release|Any CPU = Release|Any CPU
		Release|x64 = Release|x64
	EndGlobalSection
	GlobalSection(ProjectConfigurationPlatforms) = postSolution
		{8AA877AA-C1E9-4411-93FC-61A8B51F9944}.Debug|Any CPU.ActiveCfg = Debug|Any CPU
		{8AA877AA-C1E9-4411-93FC-61A8B51F9944}.Debug|Any CPU.Build.0 = Debug|Any CPU
		{8AA877AA-C1E9-4411-93FC-61A8B51F9944}.Debug|x64.ActiveCfg = Debug|Any CPU
		{8AA877AA-C1E9-4411-93FC-61A8B51F9944}.Debug|x64.Build.0 = Debug|Any CPU
		{8AA877AA-C1E9-4411-93FC-61A8B51F9944}.Release|Any CPU.ActiveCfg = Release|Any CPU
		{8AA877AA-C1E9-4411-93FC-61A8B51F9944}.Release|Any CPU.Build.0 = Release|Any CPU
		{8AA877AA-C1E9-4411-93FC-61A8B51F9944}.Release|x64.ActiveCfg = Release|x64
		{8AA877AA-C1E9-4411-93FC-61A8B51F9944}.Release|x64.Build.0 = Release|x64
	EndGlobalSection
	GlobalSection(SolutionProperties) = preSolution
		HideSolutionNode = FALSE
	EndGlobalSection
	GlobalSection(ExtensibilityGlobals) = postSolution
		SolutionGuid = {20EE3027-79F3-4AC9-B18F-67127D2CBCB4}
	EndGlobalSection
EndGlobal
